
Microsoft Visual Studio Solution File, Format Version 12.00
# Visual Studio 15
VisualStudioVersion = 15.0.26730.3
MinimumVisualStudioVersion = 10.0.40219.1
Project("{8BC9CEB8-8B4A-11D0-8D11-00A0C91BC942}") = "Module4_(简单的视频读取)", "Module4_(简单的视频读取)\Module4_(简单的视频读取).vcxproj", "{5536C8B0-4181-4D60-AD81-D66C0DAA1FBC}"
EndProject
Global
	GlobalSection(SolutionConfigurationPlatforms) = preSolution
		Debug|x64 = Debug|x64
		Debug|x86 = Debug|x86
		Release|x64 = Release|x64
		Release|x86 = Release|x86
	EndGlobalSection
	GlobalSection(ProjectConfigurationPlatforms) = postSolution
		{5536C8B0-4181-4D60-AD81-D66C0DAA1FBC}.Debug|x64.ActiveCfg = Debug|x64
		{5536C8B0-4181-4D60-AD81-D66C0DAA1FBC}.Debug|x64.Build.0 = Debug|x64
		{5536C8B0-4181-4D60-AD81-D66C0DAA1FBC}.Debug|x86.ActiveCfg = Debug|Win32
		{5536C8B0-4181-4D60-AD81-D66C0DAA1FBC}.Debug|x86.Build.0 = Debug|Win32
		{5536C8B0-4181-4D60-AD81-D66C0DAA1FBC}.Release|x64.ActiveCfg = Release|x64
		{5536C8B0-4181-4D60-AD81-D66C0DAA1FBC}.Release|x64.Build.0 = Release|x64
		{5536C8B0-4181-4D60-AD81-D66C0DAA1FBC}.Release|x86.ActiveCfg = Release|Win32
		{5536C8B0-4181-4D60-AD81-D66C0DAA1FBC}.Release|x86.Build.0 = Release|Win32
	EndGlobalSection
	GlobalSection(SolutionProperties) = preSolution
		HideSolutionNode = FALSE
	EndGlobalSection
	GlobalSection(ExtensibilityGlobals) = postSolution
		SolutionGuid = {59357C1E-2331-42AA-A98A-2416D037F6F0}
	EndGlobalSection
EndGlobal
