
Microsoft Visual Studio Solution File, Format Version 12.00
# Visual Studio 15
VisualStudioVersion = 15.0.26730.3
MinimumVisualStudioVersion = 10.0.40219.1
Project("{8BC9CEB8-8B4A-11D0-8D11-00A0C91BC942}") = "Module6_(综合实例_霍夫变换)", "Module6_(综合实例_霍夫变换)\Module6_(综合实例_霍夫变换).vcxproj", "{04366A9A-E65E-4817-9C42-0B1B72132896}"
EndProject
Global
	GlobalSection(SolutionConfigurationPlatforms) = preSolution
		Debug|x64 = Debug|x64
		Debug|x86 = Debug|x86
		Release|x64 = Release|x64
		Release|x86 = Release|x86
	EndGlobalSection
	GlobalSection(ProjectConfigurationPlatforms) = postSolution
		{04366A9A-E65E-4817-9C42-0B1B72132896}.Debug|x64.ActiveCfg = Debug|x64
		{04366A9A-E65E-4817-9C42-0B1B72132896}.Debug|x64.Build.0 = Debug|x64
		{04366A9A-E65E-4817-9C42-0B1B72132896}.Debug|x86.ActiveCfg = Debug|Win32
		{04366A9A-E65E-4817-9C42-0B1B72132896}.Debug|x86.Build.0 = Debug|Win32
		{04366A9A-E65E-4817-9C42-0B1B72132896}.Release|x64.ActiveCfg = Release|x64
		{04366A9A-E65E-4817-9C42-0B1B72132896}.Release|x64.Build.0 = Release|x64
		{04366A9A-E65E-4817-9C42-0B1B72132896}.Release|x86.ActiveCfg = Release|Win32
		{04366A9A-E65E-4817-9C42-0B1B72132896}.Release|x86.Build.0 = Release|Win32
	EndGlobalSection
	GlobalSection(SolutionProperties) = preSolution
		HideSolutionNode = FALSE
	EndGlobalSection
	GlobalSection(ExtensibilityGlobals) = postSolution
		SolutionGuid = {EBA88FF4-C2E0-4C58-9612-CFC3C1A82550}
	EndGlobalSection
EndGlobal
