
Microsoft Visual Studio Solution File, Format Version 12.00
# Visual Studio 15
VisualStudioVersion = 15.0.26730.3
MinimumVisualStudioVersion = 10.0.40219.1
Project("{8BC9CEB8-8B4A-11D0-8D11-00A0C91BC942}") = "Module6_(拉普拉斯算子的使用)", "Module6_(拉普拉斯算子的使用)\Module6_(拉普拉斯算子的使用).vcxproj", "{F50778A4-2E5C-4312-BF93-B31C44825D14}"
EndProject
Global
	GlobalSection(SolutionConfigurationPlatforms) = preSolution
		Debug|x64 = Debug|x64
		Debug|x86 = Debug|x86
		Release|x64 = Release|x64
		Release|x86 = Release|x86
	EndGlobalSection
	GlobalSection(ProjectConfigurationPlatforms) = postSolution
		{F50778A4-2E5C-4312-BF93-B31C44825D14}.Debug|x64.ActiveCfg = Debug|x64
		{F50778A4-2E5C-4312-BF93-B31C44825D14}.Debug|x64.Build.0 = Debug|x64
		{F50778A4-2E5C-4312-BF93-B31C44825D14}.Debug|x86.ActiveCfg = Debug|Win32
		{F50778A4-2E5C-4312-BF93-B31C44825D14}.Debug|x86.Build.0 = Debug|Win32
		{F50778A4-2E5C-4312-BF93-B31C44825D14}.Release|x64.ActiveCfg = Release|x64
		{F50778A4-2E5C-4312-BF93-B31C44825D14}.Release|x64.Build.0 = Release|x64
		{F50778A4-2E5C-4312-BF93-B31C44825D14}.Release|x86.ActiveCfg = Release|Win32
		{F50778A4-2E5C-4312-BF93-B31C44825D14}.Release|x86.Build.0 = Release|Win32
	EndGlobalSection
	GlobalSection(SolutionProperties) = preSolution
		HideSolutionNode = FALSE
	EndGlobalSection
	GlobalSection(ExtensibilityGlobals) = postSolution
		SolutionGuid = {FA91B2CD-A82D-44A7-9749-FFA9C0400B9D}
	EndGlobalSection
EndGlobal
