
Microsoft Visual Studio Solution File, Format Version 12.00
# Visual Studio 15
VisualStudioVersion = 15.0.26730.3
MinimumVisualStudioVersion = 10.0.40219.1
Project("{8BC9CEB8-8B4A-11D0-8D11-00A0C91BC942}") = "Module6_(直方图均衡化)", "Module6_(直方图均衡化)\Module6_(直方图均衡化).vcxproj", "{2DBE9972-0269-4919-967C-B9EF595E44FC}"
EndProject
Global
	GlobalSection(SolutionConfigurationPlatforms) = preSolution
		Debug|x64 = Debug|x64
		Debug|x86 = Debug|x86
		Release|x64 = Release|x64
		Release|x86 = Release|x86
	EndGlobalSection
	GlobalSection(ProjectConfigurationPlatforms) = postSolution
		{2DBE9972-0269-4919-967C-B9EF595E44FC}.Debug|x64.ActiveCfg = Debug|x64
		{2DBE9972-0269-4919-967C-B9EF595E44FC}.Debug|x64.Build.0 = Debug|x64
		{2DBE9972-0269-4919-967C-B9EF595E44FC}.Debug|x86.ActiveCfg = Debug|Win32
		{2DBE9972-0269-4919-967C-B9EF595E44FC}.Debug|x86.Build.0 = Debug|Win32
		{2DBE9972-0269-4919-967C-B9EF595E44FC}.Release|x64.ActiveCfg = Release|x64
		{2DBE9972-0269-4919-967C-B9EF595E44FC}.Release|x64.Build.0 = Release|x64
		{2DBE9972-0269-4919-967C-B9EF595E44FC}.Release|x86.ActiveCfg = Release|Win32
		{2DBE9972-0269-4919-967C-B9EF595E44FC}.Release|x86.Build.0 = Release|Win32
	EndGlobalSection
	GlobalSection(SolutionProperties) = preSolution
		HideSolutionNode = FALSE
	EndGlobalSection
	GlobalSection(ExtensibilityGlobals) = postSolution
		SolutionGuid = {A92EDB5B-025F-417C-89F6-7BC677E7FE5F}
	EndGlobalSection
EndGlobal
