
Microsoft Visual Studio Solution File, Format Version 12.00
# Visual Studio 15
VisualStudioVersion = 15.0.26730.3
MinimumVisualStudioVersion = 10.0.40219.1
Project("{8BC9CEB8-8B4A-11D0-8D11-00A0C91BC942}") = "Module3_(使用cvGetReal2D和cvSetReal2D)", "Module3_(使用cvGetReal2D和cvSetReal2D)\Module3_(使用cvGetReal2D和cvSetReal2D).vcxproj", "{647FCFD5-607B-43ED-B967-18443485F4D4}"
EndProject
Global
	GlobalSection(SolutionConfigurationPlatforms) = preSolution
		Debug|x64 = Debug|x64
		Debug|x86 = Debug|x86
		Release|x64 = Release|x64
		Release|x86 = Release|x86
	EndGlobalSection
	GlobalSection(ProjectConfigurationPlatforms) = postSolution
		{647FCFD5-607B-43ED-B967-18443485F4D4}.Debug|x64.ActiveCfg = Debug|x64
		{647FCFD5-607B-43ED-B967-18443485F4D4}.Debug|x64.Build.0 = Debug|x64
		{647FCFD5-607B-43ED-B967-18443485F4D4}.Debug|x86.ActiveCfg = Debug|Win32
		{647FCFD5-607B-43ED-B967-18443485F4D4}.Debug|x86.Build.0 = Debug|Win32
		{647FCFD5-607B-43ED-B967-18443485F4D4}.Release|x64.ActiveCfg = Release|x64
		{647FCFD5-607B-43ED-B967-18443485F4D4}.Release|x64.Build.0 = Release|x64
		{647FCFD5-607B-43ED-B967-18443485F4D4}.Release|x86.ActiveCfg = Release|Win32
		{647FCFD5-607B-43ED-B967-18443485F4D4}.Release|x86.Build.0 = Release|Win32
	EndGlobalSection
	GlobalSection(SolutionProperties) = preSolution
		HideSolutionNode = FALSE
	EndGlobalSection
	GlobalSection(ExtensibilityGlobals) = postSolution
		SolutionGuid = {63C67573-1722-4D39-A94A-A5D5F2B021AC}
	EndGlobalSection
EndGlobal
