
Microsoft Visual Studio Solution File, Format Version 12.00
# Visual Studio 15
VisualStudioVersion = 15.0.26730.3
MinimumVisualStudioVersion = 10.0.40219.1
Project("{8BC9CEB8-8B4A-11D0-8D11-00A0C91BC942}") = "Module2_(一个复杂的变换)", "Module2_(一个复杂的变换)\Module2_(一个复杂的变换).vcxproj", "{BB2DF93F-EDC0-4C9B-95C9-EAE3BBCD1A4D}"
EndProject
Global
	GlobalSection(SolutionConfigurationPlatforms) = preSolution
		Debug|x64 = Debug|x64
		Debug|x86 = Debug|x86
		Release|x64 = Release|x64
		Release|x86 = Release|x86
	EndGlobalSection
	GlobalSection(ProjectConfigurationPlatforms) = postSolution
		{BB2DF93F-EDC0-4C9B-95C9-EAE3BBCD1A4D}.Debug|x64.ActiveCfg = Debug|x64
		{BB2DF93F-EDC0-4C9B-95C9-EAE3BBCD1A4D}.Debug|x64.Build.0 = Debug|x64
		{BB2DF93F-EDC0-4C9B-95C9-EAE3BBCD1A4D}.Debug|x86.ActiveCfg = Debug|Win32
		{BB2DF93F-EDC0-4C9B-95C9-EAE3BBCD1A4D}.Debug|x86.Build.0 = Debug|Win32
		{BB2DF93F-EDC0-4C9B-95C9-EAE3BBCD1A4D}.Release|x64.ActiveCfg = Release|x64
		{BB2DF93F-EDC0-4C9B-95C9-EAE3BBCD1A4D}.Release|x64.Build.0 = Release|x64
		{BB2DF93F-EDC0-4C9B-95C9-EAE3BBCD1A4D}.Release|x86.ActiveCfg = Release|Win32
		{BB2DF93F-EDC0-4C9B-95C9-EAE3BBCD1A4D}.Release|x86.Build.0 = Release|Win32
	EndGlobalSection
	GlobalSection(SolutionProperties) = preSolution
		HideSolutionNode = FALSE
	EndGlobalSection
	GlobalSection(ExtensibilityGlobals) = postSolution
		SolutionGuid = {44EF217C-AD4A-4C35-8A0F-B75148B9A915}
	EndGlobalSection
EndGlobal
