
Microsoft Visual Studio Solution File, Format Version 12.00
# Visual Studio 15
VisualStudioVersion = 15.0.26730.3
MinimumVisualStudioVersion = 10.0.40219.1
Project("{8BC9CEB8-8B4A-11D0-8D11-00A0C91BC942}") = "Module7_(查找绘制轮廓_使用threshold创建二值图)", "Module7_(查找绘制轮廓_使用threshold创建二值图)\Module7_(查找绘制轮廓_使用threshold创建二值图).vcxproj", "{513931B9-D1E6-433D-9E19-25F5E47EFD24}"
EndProject
Global
	GlobalSection(SolutionConfigurationPlatforms) = preSolution
		Debug|x64 = Debug|x64
		Debug|x86 = Debug|x86
		Release|x64 = Release|x64
		Release|x86 = Release|x86
	EndGlobalSection
	GlobalSection(ProjectConfigurationPlatforms) = postSolution
		{513931B9-D1E6-433D-9E19-25F5E47EFD24}.Debug|x64.ActiveCfg = Debug|x64
		{513931B9-D1E6-433D-9E19-25F5E47EFD24}.Debug|x64.Build.0 = Debug|x64
		{513931B9-D1E6-433D-9E19-25F5E47EFD24}.Debug|x86.ActiveCfg = Debug|Win32
		{513931B9-D1E6-433D-9E19-25F5E47EFD24}.Debug|x86.Build.0 = Debug|Win32
		{513931B9-D1E6-433D-9E19-25F5E47EFD24}.Release|x64.ActiveCfg = Release|x64
		{513931B9-D1E6-433D-9E19-25F5E47EFD24}.Release|x64.Build.0 = Release|x64
		{513931B9-D1E6-433D-9E19-25F5E47EFD24}.Release|x86.ActiveCfg = Release|Win32
		{513931B9-D1E6-433D-9E19-25F5E47EFD24}.Release|x86.Build.0 = Release|Win32
	EndGlobalSection
	GlobalSection(SolutionProperties) = preSolution
		HideSolutionNode = FALSE
	EndGlobalSection
	GlobalSection(ExtensibilityGlobals) = postSolution
		SolutionGuid = {829BC9AD-2C55-457C-A196-B7582E468113}
	EndGlobalSection
EndGlobal
